// !$*UTF8*$!
{
	archiveVersion = 1;
	classes = {
	};
	objectVersion = 56;
	objects = {

/* Begin PBXBuildFile section */
		F528EB0229FD6C2F00AC0BDA /* AppDelegate.swift in Sources */ = {isa = PBXBuildFile; fileRef = F528EB0129FD6C2F00AC0BDA /* AppDelegate.swift */; };
		F528EB0429FD6C2F00AC0BDA /* SceneDelegate.swift in Sources */ = {isa = PBXBuildFile; fileRef = F528EB0329FD6C2F00AC0BDA /* SceneDelegate.swift */; };
		F528EB0629FD6C2F00AC0BDA /* ViewController.swift in Sources */ = {isa = PBXBuildFile; fileRef = F528EB0529FD6C2F00AC0BDA /* ViewController.swift */; };
		F528EB0929FD6C2F00AC0BDA /* Main.storyboard in Resources */ = {isa = PBXBuildFile; fileRef = F528EB0729FD6C2F00AC0BDA /* Main.storyboard */; };
		F528EB0B29FD6C3100AC0BDA /* Assets.xcassets in Resources */ = {isa = PBXBuildFile; fileRef = F528EB0A29FD6C3100AC0BDA /* Assets.xcassets */; };
		F528EB0E29FD6C3100AC0BDA /* LaunchScreen.storyboard in Resources */ = {isa = PBXBuildFile; fileRef = F528EB0C29FD6C3100AC0BDA /* LaunchScreen.storyboard */; };
		F528EB1929FD6C3100AC0BDA /* ______Tests.swift in Sources */ = {isa = PBXBuildFile; fileRef = F528EB1829FD6C3100AC0BDA /* ______Tests.swift */; };
		F528EB2329FD6C3100AC0BDA /* ______UITests.swift in Sources */ = {isa = PBXBuildFile; fileRef = F528EB2229FD6C3100AC0BDA /* ______UITests.swift */; };
		F528EB2529FD6C3100AC0BDA /* ______UITestsLaunchTests.swift in Sources */ = {isa = PBXBuildFile; fileRef = F528EB2429FD6C3100AC0BDA /* ______UITestsLaunchTests.swift */; };
		F528EB3229FD6C4300AC0BDA /* AbstractFactory.swift in Sources */ = {isa = PBXBuildFile; fileRef = F528EB3129FD6C4300AC0BDA /* AbstractFactory.swift */; };
		F528EB3429FD6C4D00AC0BDA /* AbstractProduct.swift in Sources */ = {isa = PBXBuildFile; fileRef = F528EB3329FD6C4D00AC0BDA /* AbstractProduct.swift */; };
		F528EB3629FD6D3F00AC0BDA /* BaseCellModel.swift in Sources */ = {isa = PBXBuildFile; fileRef = F528EB3529FD6D3F00AC0BDA /* BaseCellModel.swift */; };
		F528EB3A29FD6DE800AC0BDA /* ConcreteFactory.swift in Sources */ = {isa = PBXBuildFile; fileRef = F528EB3929FD6DE800AC0BDA /* ConcreteFactory.swift */; };
		F528EB3C29FD6E6800AC0BDA /* YellowCell.swift in Sources */ = {isa = PBXBuildFile; fileRef = F528EB3B29FD6E6800AC0BDA /* YellowCell.swift */; };
		F528EB3E29FD6F6300AC0BDA /* GreenCell.swift in Sources */ = {isa = PBXBuildFile; fileRef = F528EB3D29FD6F6300AC0BDA /* GreenCell.swift */; };
		F528EB4029FD6FC900AC0BDA /* RedCell.swift in Sources */ = {isa = PBXBuildFile; fileRef = F528EB3F29FD6FC900AC0BDA /* RedCell.swift */; };
/* End PBXBuildFile section */

/* Begin PBXContainerItemProxy section */
		F528EB1529FD6C3100AC0BDA /* PBXContainerItemProxy */ = {
			isa = PBXContainerItemProxy;
			containerPortal = F528EAF629FD6C2F00AC0BDA /* Project object */;
			proxyType = 1;
			remoteGlobalIDString = F528EAFD29FD6C2F00AC0BDA;
			remoteInfo = "抽象工厂模式";
		};
		F528EB1F29FD6C3100AC0BDA /* PBXContainerItemProxy */ = {
			isa = PBXContainerItemProxy;
			containerPortal = F528EAF629FD6C2F00AC0BDA /* Project object */;
			proxyType = 1;
			remoteGlobalIDString = F528EAFD29FD6C2F00AC0BDA;
			remoteInfo = "抽象工厂模式";
		};
/* End PBXContainerItemProxy section */

/* Begin PBXFileReference section */
		F528EAFE29FD6C2F00AC0BDA /* 抽象工厂模式.app */ = {isa = PBXFileReference; explicitFileType = wrapper.application; includeInIndex = 0; path = "抽象工厂模式.app"; sourceTree = BUILT_PRODUCTS_DIR; };
		F528EB0129FD6C2F00AC0BDA /* AppDelegate.swift */ = {isa = PBXFileReference; lastKnownFileType = sourcecode.swift; path = AppDelegate.swift; sourceTree = "<group>"; };
		F528EB0329FD6C2F00AC0BDA /* SceneDelegate.swift */ = {isa = PBXFileReference; lastKnownFileType = sourcecode.swift; path = SceneDelegate.swift; sourceTree = "<group>"; };
		F528EB0529FD6C2F00AC0BDA /* ViewController.swift */ = {isa = PBXFileReference; lastKnownFileType = sourcecode.swift; path = ViewController.swift; sourceTree = "<group>"; };
		F528EB0829FD6C2F00AC0BDA /* Base */ = {isa = PBXFileReference; lastKnownFileType = file.storyboard; name = Base; path = Base.lproj/Main.storyboard; sourceTree = "<group>"; };
		F528EB0A29FD6C3100AC0BDA /* Assets.xcassets */ = {isa = PBXFileReference; lastKnownFileType = folder.assetcatalog; path = Assets.xcassets; sourceTree = "<group>"; };
		F528EB0D29FD6C3100AC0BDA /* Base */ = {isa = PBXFileReference; lastKnownFileType = file.storyboard; name = Base; path = Base.lproj/LaunchScreen.storyboard; sourceTree = "<group>"; };
		F528EB0F29FD6C3100AC0BDA /* Info.plist */ = {isa = PBXFileReference; lastKnownFileType = text.plist.xml; path = Info.plist; sourceTree = "<group>"; };
		F528EB1429FD6C3100AC0BDA /* 抽象工厂模式Tests.xctest */ = {isa = PBXFileReference; explicitFileType = wrapper.cfbundle; includeInIndex = 0; path = "抽象工厂模式Tests.xctest"; sourceTree = BUILT_PRODUCTS_DIR; };
		F528EB1829FD6C3100AC0BDA /* ______Tests.swift */ = {isa = PBXFileReference; lastKnownFileType = sourcecode.swift; path = "______Tests.swift"; sourceTree = "<group>"; };
		F528EB1E29FD6C3100AC0BDA /* 抽象工厂模式UITests.xctest */ = {isa = PBXFileReference; explicitFileType = wrapper.cfbundle; includeInIndex = 0; path = "抽象工厂模式UITests.xctest"; sourceTree = BUILT_PRODUCTS_DIR; };
		F528EB2229FD6C3100AC0BDA /* ______UITests.swift */ = {isa = PBXFileReference; lastKnownFileType = sourcecode.swift; path = "______UITests.swift"; sourceTree = "<group>"; };
		F528EB2429FD6C3100AC0BDA /* ______UITestsLaunchTests.swift */ = {isa = PBXFileReference; lastKnownFileType = sourcecode.swift; path = "______UITestsLaunchTests.swift"; sourceTree = "<group>"; };
		F528EB3129FD6C4300AC0BDA /* AbstractFactory.swift */ = {isa = PBXFileReference; lastKnownFileType = sourcecode.swift; path = AbstractFactory.swift; sourceTree = "<group>"; };
		F528EB3329FD6C4D00AC0BDA /* AbstractProduct.swift */ = {isa = PBXFileReference; lastKnownFileType = sourcecode.swift; path = AbstractProduct.swift; sourceTree = "<group>"; };
		F528EB3529FD6D3F00AC0BDA /* BaseCellModel.swift */ = {isa = PBXFileReference; lastKnownFileType = sourcecode.swift; path = BaseCellModel.swift; sourceTree = "<group>"; };
		F528EB3929FD6DE800AC0BDA /* ConcreteFactory.swift */ = {isa = PBXFileReference; lastKnownFileType = sourcecode.swift; path = ConcreteFactory.swift; sourceTree = "<group>"; };
		F528EB3B29FD6E6800AC0BDA /* YellowCell.swift */ = {isa = PBXFileReference; lastKnownFileType = sourcecode.swift; path = YellowCell.swift; sourceTree = "<group>"; };
		F528EB3D29FD6F6300AC0BDA /* GreenCell.swift */ = {isa = PBXFileReference; lastKnownFileType = sourcecode.swift; path = GreenCell.swift; sourceTree = "<group>"; };
		F528EB3F29FD6FC900AC0BDA /* RedCell.swift */ = {isa = PBXFileReference; lastKnownFileType = sourcecode.swift; path = RedCell.swift; sourceTree = "<group>"; };
/* End PBXFileReference section */

/* Begin PBXFrameworksBuildPhase section */
		F528EAFB29FD6C2F00AC0BDA /* Frameworks */ = {
			isa = PBXFrameworksBuildPhase;
			buildActionMask = 2147483647;
			files = (
			);
			runOnlyForDeploymentPostprocessing = 0;
		};
		F528EB1129FD6C3100AC0BDA /* Frameworks */ = {
			isa = PBXFrameworksBuildPhase;
			buildActionMask = 2147483647;
			files = (
			);
			runOnlyForDeploymentPostprocessing = 0;
		};
		F528EB1B29FD6C3100AC0BDA /* Frameworks */ = {
			isa = PBXFrameworksBuildPhase;
			buildActionMask = 2147483647;
			files = (
			);
			runOnlyForDeploymentPostprocessing = 0;
		};
/* End PBXFrameworksBuildPhase section */

/* Begin PBXGroup section */
		F528EAF529FD6C2F00AC0BDA = {
			isa = PBXGroup;
			children = (
				F528EB0029FD6C2F00AC0BDA /* 抽象工厂模式 */,
				F528EB1729FD6C3100AC0BDA /* 抽象工厂模式Tests */,
				F528EB2129FD6C3100AC0BDA /* 抽象工厂模式UITests */,
				F528EAFF29FD6C2F00AC0BDA /* Products */,
			);
			sourceTree = "<group>";
		};
		F528EAFF29FD6C2F00AC0BDA /* Products */ = {
			isa = PBXGroup;
			children = (
				F528EAFE29FD6C2F00AC0BDA /* 抽象工厂模式.app */,
				F528EB1429FD6C3100AC0BDA /* 抽象工厂模式Tests.xctest */,
				F528EB1E29FD6C3100AC0BDA /* 抽象工厂模式UITests.xctest */,
			);
			name = Products;
			sourceTree = "<group>";
		};
		F528EB0029FD6C2F00AC0BDA /* 抽象工厂模式 */ = {
			isa = PBXGroup;
			children = (
				F528EB0129FD6C2F00AC0BDA /* AppDelegate.swift */,
				F528EB0329FD6C2F00AC0BDA /* SceneDelegate.swift */,
				F528EB0529FD6C2F00AC0BDA /* ViewController.swift */,
				F528EB3529FD6D3F00AC0BDA /* BaseCellModel.swift */,
				F528EB3129FD6C4300AC0BDA /* AbstractFactory.swift */,
				F528EB3329FD6C4D00AC0BDA /* AbstractProduct.swift */,
				F528EB3929FD6DE800AC0BDA /* ConcreteFactory.swift */,
				F528EB3B29FD6E6800AC0BDA /* YellowCell.swift */,
				F528EB3D29FD6F6300AC0BDA /* GreenCell.swift */,
				F528EB3F29FD6FC900AC0BDA /* RedCell.swift */,
				F528EB0729FD6C2F00AC0BDA /* Main.storyboard */,
				F528EB0A29FD6C3100AC0BDA /* Assets.xcassets */,
				F528EB0C29FD6C3100AC0BDA /* LaunchScreen.storyboard */,
				F528EB0F29FD6C3100AC0BDA /* Info.plist */,
			);
			path = "抽象工厂模式";
			sourceTree = "<group>";
		};
		F528EB1729FD6C3100AC0BDA /* 抽象工厂模式Tests */ = {
			isa = PBXGroup;
			children = (
				F528EB1829FD6C3100AC0BDA /* ______Tests.swift */,
			);
			path = "抽象工厂模式Tests";
			sourceTree = "<group>";
		};
		F528EB2129FD6C3100AC0BDA /* 抽象工厂模式UITests */ = {
			isa = PBXGroup;
			children = (
				F528EB2229FD6C3100AC0BDA /* ______UITests.swift */,
				F528EB2429FD6C3100AC0BDA /* ______UITestsLaunchTests.swift */,
			);
			path = "抽象工厂模式UITests";
			sourceTree = "<group>";
		};
/* End PBXGroup section */

/* Begin PBXNativeTarget section */
		F528EAFD29FD6C2F00AC0BDA /* 抽象工厂模式 */ = {
			isa = PBXNativeTarget;
			buildConfigurationList = F528EB2829FD6C3100AC0BDA /* Build configuration list for PBXNativeTarget "抽象工厂模式" */;
			buildPhases = (
				F528EAFA29FD6C2F00AC0BDA /* Sources */,
				F528EAFB29FD6C2F00AC0BDA /* Frameworks */,
				F528EAFC29FD6C2F00AC0BDA /* Resources */,
			);
			buildRules = (
			);
			dependencies = (
			);
			name = "抽象工厂模式";
			productName = "抽象工厂模式";
			productReference = F528EAFE29FD6C2F00AC0BDA /* 抽象工厂模式.app */;
			productType = "com.apple.product-type.application";
		};
		F528EB1329FD6C3100AC0BDA /* 抽象工厂模式Tests */ = {
			isa = PBXNativeTarget;
			buildConfigurationList = F528EB2B29FD6C3100AC0BDA /* Build configuration list for PBXNativeTarget "抽象工厂模式Tests" */;
			buildPhases = (
				F528EB1029FD6C3100AC0BDA /* Sources */,
				F528EB1129FD6C3100AC0BDA /* Frameworks */,
				F528EB1229FD6C3100AC0BDA /* Resources */,
			);
			buildRules = (
			);
			dependencies = (
				F528EB1629FD6C3100AC0BDA /* PBXTargetDependency */,
			);
			name = "抽象工厂模式Tests";
			productName = "抽象工厂模式Tests";
			productReference = F528EB1429FD6C3100AC0BDA /* 抽象工厂模式Tests.xctest */;
			productType = "com.apple.product-type.bundle.unit-test";
		};
		F528EB1D29FD6C3100AC0BDA /* 抽象工厂模式UITests */ = {
			isa = PBXNativeTarget;
			buildConfigurationList = F528EB2E29FD6C3100AC0BDA /* Build configuration list for PBXNativeTarget "抽象工厂模式UITests" */;
			buildPhases = (
				F528EB1A29FD6C3100AC0BDA /* Sources */,
				F528EB1B29FD6C3100AC0BDA /* Frameworks */,
				F528EB1C29FD6C3100AC0BDA /* Resources */,
			);
			buildRules = (
			);
			dependencies = (
				F528EB2029FD6C3100AC0BDA /* PBXTargetDependency */,
			);
			name = "抽象工厂模式UITests";
			productName = "抽象工厂模式UITests";
			productReference = F528EB1E29FD6C3100AC0BDA /* 抽象工厂模式UITests.xctest */;
			productType = "com.apple.product-type.bundle.ui-testing";
		};
/* End PBXNativeTarget section */

/* Begin PBXProject section */
		F528EAF629FD6C2F00AC0BDA /* Project object */ = {
			isa = PBXProject;
			attributes = {
				BuildIndependentTargetsInParallel = 1;
				LastSwiftUpdateCheck = 1420;
				LastUpgradeCheck = 1420;
				TargetAttributes = {
					F528EAFD29FD6C2F00AC0BDA = {
						CreatedOnToolsVersion = 14.2;
					};
					F528EB1329FD6C3100AC0BDA = {
						CreatedOnToolsVersion = 14.2;
						TestTargetID = F528EAFD29FD6C2F00AC0BDA;
					};
					F528EB1D29FD6C3100AC0BDA = {
						CreatedOnToolsVersion = 14.2;
						TestTargetID = F528EAFD29FD6C2F00AC0BDA;
					};
				};
			};
			buildConfigurationList = F528EAF929FD6C2F00AC0BDA /* Build configuration list for PBXProject "抽象工厂模式" */;
			compatibilityVersion = "Xcode 14.0";
			developmentRegion = en;
			hasScannedForEncodings = 0;
			knownRegions = (
				en,
				Base,
			);
			mainGroup = F528EAF529FD6C2F00AC0BDA;
			productRefGroup = F528EAFF29FD6C2F00AC0BDA /* Products */;
			projectDirPath = "";
			projectRoot = "";
			targets = (
				F528EAFD29FD6C2F00AC0BDA /* 抽象工厂模式 */,
				F528EB1329FD6C3100AC0BDA /* 抽象工厂模式Tests */,
				F528EB1D29FD6C3100AC0BDA /* 抽象工厂模式UITests */,
			);
		};
/* End PBXProject section */

/* Begin PBXResourcesBuildPhase section */
		F528EAFC29FD6C2F00AC0BDA /* Resources */ = {
			isa = PBXResourcesBuildPhase;
			buildActionMask = 2147483647;
			files = (
				F528EB0E29FD6C3100AC0BDA /* LaunchScreen.storyboard in Resources */,
				F528EB0B29FD6C3100AC0BDA /* Assets.xcassets in Resources */,
				F528EB0929FD6C2F00AC0BDA /* Main.storyboard in Resources */,
			);
			runOnlyForDeploymentPostprocessing = 0;
		};
		F528EB1229FD6C3100AC0BDA /* Resources */ = {
			isa = PBXResourcesBuildPhase;
			buildActionMask = 2147483647;
			files = (
			);
			runOnlyForDeploymentPostprocessing = 0;
		};
		F528EB1C29FD6C3100AC0BDA /* Resources */ = {
			isa = PBXResourcesBuildPhase;
			buildActionMask = 2147483647;
			files = (
			);
			runOnlyForDeploymentPostprocessing = 0;
		};
/* End PBXResourcesBuildPhase section */

/* Begin PBXSourcesBuildPhase section */
		F528EAFA29FD6C2F00AC0BDA /* Sources */ = {
			isa = PBXSourcesBuildPhase;
			buildActionMask = 2147483647;
			files = (
				F528EB3629FD6D3F00AC0BDA /* BaseCellModel.swift in Sources */,
				F528EB3229FD6C4300AC0BDA /* AbstractFactory.swift in Sources */,
				F528EB0629FD6C2F00AC0BDA /* ViewController.swift in Sources */,
				F528EB3A29FD6DE800AC0BDA /* ConcreteFactory.swift in Sources */,
				F528EB3C29FD6E6800AC0BDA /* YellowCell.swift in Sources */,
				F528EB3429FD6C4D00AC0BDA /* AbstractProduct.swift in Sources */,
				F528EB0229FD6C2F00AC0BDA /* AppDelegate.swift in Sources */,
				F528EB4029FD6FC900AC0BDA /* RedCell.swift in Sources */,
				F528EB0429FD6C2F00AC0BDA /* SceneDelegate.swift in Sources */,
				F528EB3E29FD6F6300AC0BDA /* GreenCell.swift in Sources */,
			);
			runOnlyForDeploymentPostprocessing = 0;
		};
		F528EB1029FD6C3100AC0BDA /* Sources */ = {
			isa = PBXSourcesBuildPhase;
			buildActionMask = 2147483647;
			files = (
				F528EB1929FD6C3100AC0BDA /* ______Tests.swift in Sources */,
			);
			runOnlyForDeploymentPostprocessing = 0;
		};
		F528EB1A29FD6C3100AC0BDA /* Sources */ = {
			isa = PBXSourcesBuildPhase;
			buildActionMask = 2147483647;
			files = (
				F528EB2529FD6C3100AC0BDA /* ______UITestsLaunchTests.swift in Sources */,
				F528EB2329FD6C3100AC0BDA /* ______UITests.swift in Sources */,
			);
			runOnlyForDeploymentPostprocessing = 0;
		};
/* End PBXSourcesBuildPhase section */

/* Begin PBXTargetDependency section */
		F528EB1629FD6C3100AC0BDA /* PBXTargetDependency */ = {
			isa = PBXTargetDependency;
			target = F528EAFD29FD6C2F00AC0BDA /* 抽象工厂模式 */;
			targetProxy = F528EB1529FD6C3100AC0BDA /* PBXContainerItemProxy */;
		};
		F528EB2029FD6C3100AC0BDA /* PBXTargetDependency */ = {
			isa = PBXTargetDependency;
			target = F528EAFD29FD6C2F00AC0BDA /* 抽象工厂模式 */;
			targetProxy = F528EB1F29FD6C3100AC0BDA /* PBXContainerItemProxy */;
		};
/* End PBXTargetDependency section */

/* Begin PBXVariantGroup section */
		F528EB0729FD6C2F00AC0BDA /* Main.storyboard */ = {
			isa = PBXVariantGroup;
			children = (
				F528EB0829FD6C2F00AC0BDA /* Base */,
			);
			name = Main.storyboard;
			sourceTree = "<group>";
		};
		F528EB0C29FD6C3100AC0BDA /* LaunchScreen.storyboard */ = {
			isa = PBXVariantGroup;
			children = (
				F528EB0D29FD6C3100AC0BDA /* Base */,
			);
			name = LaunchScreen.storyboard;
			sourceTree = "<group>";
		};
/* End PBXVariantGroup section */

/* Begin XCBuildConfiguration section */
		F528EB2629FD6C3100AC0BDA /* Debug */ = {
			isa = XCBuildConfiguration;
			buildSettings = {
				ALWAYS_SEARCH_USER_PATHS = NO;
				CLANG_ANALYZER_NONNULL = YES;
				CLANG_ANALYZER_NUMBER_OBJECT_CONVERSION = YES_AGGRESSIVE;
				CLANG_CXX_LANGUAGE_STANDARD = "gnu++20";
				CLANG_ENABLE_MODULES = YES;
				CLANG_ENABLE_OBJC_ARC = YES;
				CLANG_ENABLE_OBJC_WEAK = YES;
				CLANG_WARN_BLOCK_CAPTURE_AUTORELEASING = YES;
				CLANG_WARN_BOOL_CONVERSION = YES;
				CLANG_WARN_COMMA = YES;
				CLANG_WARN_CONSTANT_CONVERSION = YES;
				CLANG_WARN_DEPRECATED_OBJC_IMPLEMENTATIONS = YES;
				CLANG_WARN_DIRECT_OBJC_ISA_USAGE = YES_ERROR;
				CLANG_WARN_DOCUMENTATION_COMMENTS = YES;
				CLANG_WARN_EMPTY_BODY = YES;
				CLANG_WARN_ENUM_CONVERSION = YES;
				CLANG_WARN_INFINITE_RECURSION = YES;
				CLANG_WARN_INT_CONVERSION = YES;
				CLANG_WARN_NON_LITERAL_NULL_CONVERSION = YES;
				CLANG_WARN_OBJC_IMPLICIT_RETAIN_SELF = YES;
				CLANG_WARN_OBJC_LITERAL_CONVERSION = YES;
				CLANG_WARN_OBJC_ROOT_CLASS = YES_ERROR;
				CLANG_WARN_QUOTED_INCLUDE_IN_FRAMEWORK_HEADER = YES;
				CLANG_WARN_RANGE_LOOP_ANALYSIS = YES;
				CLANG_WARN_STRICT_PROTOTYPES = YES;
				CLANG_WARN_SUSPICIOUS_MOVE = YES;
				CLANG_WARN_UNGUARDED_AVAILABILITY = YES_AGGRESSIVE;
				CLANG_WARN_UNREACHABLE_CODE = YES;
				CLANG_WARN__DUPLICATE_METHOD_MATCH = YES;
				COPY_PHASE_STRIP = NO;
				DEBUG_INFORMATION_FORMAT = dwarf;
				ENABLE_STRICT_OBJC_MSGSEND = YES;
				ENABLE_TESTABILITY = YES;
				GCC_C_LANGUAGE_STANDARD = gnu11;
				GCC_DYNAMIC_NO_PIC = NO;
				GCC_NO_COMMON_BLOCKS = YES;
				GCC_OPTIMIZATION_LEVEL = 0;
				GCC_PREPROCESSOR_DEFINITIONS = (
					"DEBUG=1",
					"$(inherited)",
				);
				GCC_WARN_64_TO_32_BIT_CONVERSION = YES;
				GCC_WARN_ABOUT_RETURN_TYPE = YES_ERROR;
				GCC_WARN_UNDECLARED_SELECTOR = YES;
				GCC_WARN_UNINITIALIZED_AUTOS = YES_AGGRESSIVE;
				GCC_WARN_UNUSED_FUNCTION = YES;
				GCC_WARN_UNUSED_VARIABLE = YES;
				IPHONEOS_DEPLOYMENT_TARGET = 16.2;
				MTL_ENABLE_DEBUG_INFO = INCLUDE_SOURCE;
				MTL_FAST_MATH = YES;
				ONLY_ACTIVE_ARCH = YES;
				SDKROOT = iphoneos;
				SWIFT_ACTIVE_COMPILATION_CONDITIONS = DEBUG;
				SWIFT_OPTIMIZATION_LEVEL = "-Onone";
			};
			name = Debug;
		};
		F528EB2729FD6C3100AC0BDA /* Release */ = {
			isa = XCBuildConfiguration;
			buildSettings = {
				ALWAYS_SEARCH_USER_PATHS = NO;
				CLANG_ANALYZER_NONNULL = YES;
				CLANG_ANALYZER_NUMBER_OBJECT_CONVERSION = YES_AGGRESSIVE;
				CLANG_CXX_LANGUAGE_STANDARD = "gnu++20";
				CLANG_ENABLE_MODULES = YES;
				CLANG_ENABLE_OBJC_ARC = YES;
				CLANG_ENABLE_OBJC_WEAK = YES;
				CLANG_WARN_BLOCK_CAPTURE_AUTORELEASING = YES;
				CLANG_WARN_BOOL_CONVERSION = YES;
				CLANG_WARN_COMMA = YES;
				CLANG_WARN_CONSTANT_CONVERSION = YES;
				CLANG_WARN_DEPRECATED_OBJC_IMPLEMENTATIONS = YES;
				CLANG_WARN_DIRECT_OBJC_ISA_USAGE = YES_ERROR;
				CLANG_WARN_DOCUMENTATION_COMMENTS = YES;
				CLANG_WARN_EMPTY_BODY = YES;
				CLANG_WARN_ENUM_CONVERSION = YES;
				CLANG_WARN_INFINITE_RECURSION = YES;
				CLANG_WARN_INT_CONVERSION = YES;
				CLANG_WARN_NON_LITERAL_NULL_CONVERSION = YES;
				CLANG_WARN_OBJC_IMPLICIT_RETAIN_SELF = YES;
				CLANG_WARN_OBJC_LITERAL_CONVERSION = YES;
				CLANG_WARN_OBJC_ROOT_CLASS = YES_ERROR;
				CLANG_WARN_QUOTED_INCLUDE_IN_FRAMEWORK_HEADER = YES;
				CLANG_WARN_RANGE_LOOP_ANALYSIS = YES;
				CLANG_WARN_STRICT_PROTOTYPES = YES;
				CLANG_WARN_SUSPICIOUS_MOVE = YES;
				CLANG_WARN_UNGUARDED_AVAILABILITY = YES_AGGRESSIVE;
				CLANG_WARN_UNREACHABLE_CODE = YES;
				CLANG_WARN__DUPLICATE_METHOD_MATCH = YES;
				COPY_PHASE_STRIP = NO;
				DEBUG_INFORMATION_FORMAT = "dwarf-with-dsym";
				ENABLE_NS_ASSERTIONS = NO;
				ENABLE_STRICT_OBJC_MSGSEND = YES;
				GCC_C_LANGUAGE_STANDARD = gnu11;
				GCC_NO_COMMON_BLOCKS = YES;
				GCC_WARN_64_TO_32_BIT_CONVERSION = YES;
				GCC_WARN_ABOUT_RETURN_TYPE = YES_ERROR;
				GCC_WARN_UNDECLARED_SELECTOR = YES;
				GCC_WARN_UNINITIALIZED_AUTOS = YES_AGGRESSIVE;
				GCC_WARN_UNUSED_FUNCTION = YES;
				GCC_WARN_UNUSED_VARIABLE = YES;
				IPHONEOS_DEPLOYMENT_TARGET = 16.2;
				MTL_ENABLE_DEBUG_INFO = NO;
				MTL_FAST_MATH = YES;
				SDKROOT = iphoneos;
				SWIFT_COMPILATION_MODE = wholemodule;
				SWIFT_OPTIMIZATION_LEVEL = "-O";
				VALIDATE_PRODUCT = YES;
			};
			name = Release;
		};
		F528EB2929FD6C3100AC0BDA /* Debug */ = {
			isa = XCBuildConfiguration;
			buildSettings = {
				ASSETCATALOG_COMPILER_APPICON_NAME = AppIcon;
				ASSETCATALOG_COMPILER_GLOBAL_ACCENT_COLOR_NAME = AccentColor;
				CODE_SIGN_STYLE = Automatic;
				CURRENT_PROJECT_VERSION = 1;
				GENERATE_INFOPLIST_FILE = YES;
				INFOPLIST_FILE = "抽象工厂模式/Info.plist";
				INFOPLIST_KEY_UIApplicationSupportsIndirectInputEvents = YES;
				INFOPLIST_KEY_UILaunchStoryboardName = LaunchScreen;
				INFOPLIST_KEY_UIMainStoryboardFile = Main;
				INFOPLIST_KEY_UISupportedInterfaceOrientations_iPad = "UIInterfaceOrientationPortrait UIInterfaceOrientationPortraitUpsideDown UIInterfaceOrientationLandscapeLeft UIInterfaceOrientationLandscapeRight";
				INFOPLIST_KEY_UISupportedInterfaceOrientations_iPhone = "UIInterfaceOrientationPortrait UIInterfaceOrientationLandscapeLeft UIInterfaceOrientationLandscapeRight";
				LD_RUNPATH_SEARCH_PATHS = (
					"$(inherited)",
					"@executable_path/Frameworks",
				);
				MARKETING_VERSION = 1.0;
				PRODUCT_BUNDLE_IDENTIFIER = "com.personal.------";
				PRODUCT_NAME = "$(TARGET_NAME)";
				SWIFT_EMIT_LOC_STRINGS = YES;
				SWIFT_VERSION = 5.0;
				TARGETED_DEVICE_FAMILY = "1,2";
			};
			name = Debug;
		};
		F528EB2A29FD6C3100AC0BDA /* Release */ = {
			isa = XCBuildConfiguration;
			buildSettings = {
				ASSETCATALOG_COMPILER_APPICON_NAME = AppIcon;
				ASSETCATALOG_COMPILER_GLOBAL_ACCENT_COLOR_NAME = AccentColor;
				CODE_SIGN_STYLE = Automatic;
				CURRENT_PROJECT_VERSION = 1;
				GENERATE_INFOPLIST_FILE = YES;
				INFOPLIST_FILE = "抽象工厂模式/Info.plist";
				INFOPLIST_KEY_UIApplicationSupportsIndirectInputEvents = YES;
				INFOPLIST_KEY_UILaunchStoryboardName = LaunchScreen;
				INFOPLIST_KEY_UIMainStoryboardFile = Main;
				INFOPLIST_KEY_UISupportedInterfaceOrientations_iPad = "UIInterfaceOrientationPortrait UIInterfaceOrientationPortraitUpsideDown UIInterfaceOrientationLandscapeLeft UIInterfaceOrientationLandscapeRight";
				INFOPLIST_KEY_UISupportedInterfaceOrientations_iPhone = "UIInterfaceOrientationPortrait UIInterfaceOrientationLandscapeLeft UIInterfaceOrientationLandscapeRight";
				LD_RUNPATH_SEARCH_PATHS = (
					"$(inherited)",
					"@executable_path/Frameworks",
				);
				MARKETING_VERSION = 1.0;
				PRODUCT_BUNDLE_IDENTIFIER = "com.personal.------";
				PRODUCT_NAME = "$(TARGET_NAME)";
				SWIFT_EMIT_LOC_STRINGS = YES;
				SWIFT_VERSION = 5.0;
				TARGETED_DEVICE_FAMILY = "1,2";
			};
			name = Release;
		};
		F528EB2C29FD6C3100AC0BDA /* Debug */ = {
			isa = XCBuildConfiguration;
			buildSettings = {
				ALWAYS_EMBED_SWIFT_STANDARD_LIBRARIES = YES;
				BUNDLE_LOADER = "$(TEST_HOST)";
				CODE_SIGN_STYLE = Automatic;
				CURRENT_PROJECT_VERSION = 1;
				GENERATE_INFOPLIST_FILE = YES;
				IPHONEOS_DEPLOYMENT_TARGET = 16.2;
				MARKETING_VERSION = 1.0;
				PRODUCT_BUNDLE_IDENTIFIER = "com.personal.------Tests";
				PRODUCT_NAME = "$(TARGET_NAME)";
				SWIFT_EMIT_LOC_STRINGS = NO;
				SWIFT_VERSION = 5.0;
				TARGETED_DEVICE_FAMILY = "1,2";
				TEST_HOST = "$(BUILT_PRODUCTS_DIR)/抽象工厂模式.app/$(BUNDLE_EXECUTABLE_FOLDER_PATH)/抽象工厂模式";
			};
			name = Debug;
		};
		F528EB2D29FD6C3100AC0BDA /* Release */ = {
			isa = XCBuildConfiguration;
			buildSettings = {
				ALWAYS_EMBED_SWIFT_STANDARD_LIBRARIES = YES;
				BUNDLE_LOADER = "$(TEST_HOST)";
				CODE_SIGN_STYLE = Automatic;
				CURRENT_PROJECT_VERSION = 1;
				GENERATE_INFOPLIST_FILE = YES;
				IPHONEOS_DEPLOYMENT_TARGET = 16.2;
				MARKETING_VERSION = 1.0;
				PRODUCT_BUNDLE_IDENTIFIER = "com.personal.------Tests";
				PRODUCT_NAME = "$(TARGET_NAME)";
				SWIFT_EMIT_LOC_STRINGS = NO;
				SWIFT_VERSION = 5.0;
				TARGETED_DEVICE_FAMILY = "1,2";
				TEST_HOST = "$(BUILT_PRODUCTS_DIR)/抽象工厂模式.app/$(BUNDLE_EXECUTABLE_FOLDER_PATH)/抽象工厂模式";
			};
			name = Release;
		};
		F528EB2F29FD6C3100AC0BDA /* Debug */ = {
			isa = XCBuildConfiguration;
			buildSettings = {
				ALWAYS_EMBED_SWIFT_STANDARD_LIBRARIES = YES;
				CODE_SIGN_STYLE = Automatic;
				CURRENT_PROJECT_VERSION = 1;
				GENERATE_INFOPLIST_FILE = YES;
				MARKETING_VERSION = 1.0;
				PRODUCT_BUNDLE_IDENTIFIER = "com.personal.------UITests";
				PRODUCT_NAME = "$(TARGET_NAME)";
				SWIFT_EMIT_LOC_STRINGS = NO;
				SWIFT_VERSION = 5.0;
				TARGETED_DEVICE_FAMILY = "1,2";
				TEST_TARGET_NAME = "抽象工厂模式";
			};
			name = Debug;
		};
		F528EB3029FD6C3100AC0BDA /* Release */ = {
			isa = XCBuildConfiguration;
			buildSettings = {
				ALWAYS_EMBED_SWIFT_STANDARD_LIBRARIES = YES;
				CODE_SIGN_STYLE = Automatic;
				CURRENT_PROJECT_VERSION = 1;
				GENERATE_INFOPLIST_FILE = YES;
				MARKETING_VERSION = 1.0;
				PRODUCT_BUNDLE_IDENTIFIER = "com.personal.------UITests";
				PRODUCT_NAME = "$(TARGET_NAME)";
				SWIFT_EMIT_LOC_STRINGS = NO;
				SWIFT_VERSION = 5.0;
				TARGETED_DEVICE_FAMILY = "1,2";
				TEST_TARGET_NAME = "抽象工厂模式";
			};
			name = Release;
		};
/* End XCBuildConfiguration section */

/* Begin XCConfigurationList section */
		F528EAF929FD6C2F00AC0BDA /* Build configuration list for PBXProject "抽象工厂模式" */ = {
			isa = XCConfigurationList;
			buildConfigurations = (
				F528EB2629FD6C3100AC0BDA /* Debug */,
				F528EB2729FD6C3100AC0BDA /* Release */,
			);
			defaultConfigurationIsVisible = 0;
			defaultConfigurationName = Release;
		};
		F528EB2829FD6C3100AC0BDA /* Build configuration list for PBXNativeTarget "抽象工厂模式" */ = {
			isa = XCConfigurationList;
			buildConfigurations = (
				F528EB2929FD6C3100AC0BDA /* Debug */,
				F528EB2A29FD6C3100AC0BDA /* Release */,
			);
			defaultConfigurationIsVisible = 0;
			defaultConfigurationName = Release;
		};
		F528EB2B29FD6C3100AC0BDA /* Build configuration list for PBXNativeTarget "抽象工厂模式Tests" */ = {
			isa = XCConfigurationList;
			buildConfigurations = (
				F528EB2C29FD6C3100AC0BDA /* Debug */,
				F528EB2D29FD6C3100AC0BDA /* Release */,
			);
			defaultConfigurationIsVisible = 0;
			defaultConfigurationName = Release;
		};
		F528EB2E29FD6C3100AC0BDA /* Build configuration list for PBXNativeTarget "抽象工厂模式UITests" */ = {
			isa = XCConfigurationList;
			buildConfigurations = (
				F528EB2F29FD6C3100AC0BDA /* Debug */,
				F528EB3029FD6C3100AC0BDA /* Release */,
			);
			defaultConfigurationIsVisible = 0;
			defaultConfigurationName = Release;
		};
/* End XCConfigurationList section */
	};
	rootObject = F528EAF629FD6C2F00AC0BDA /* Project object */;
}
